
Microsoft Visual Studio Solution File, Format Version 12.00
# Visual Studio 15
VisualStudioVersion = 15.0.27428.2043
MinimumVisualStudioVersion = 10.0.40219.1
Project("{FAE04EC0-301F-11D3-BF4B-00C04F79EFBC}") = "FormXslt", "FormXslt\FormXslt.csproj", "{5C4B4254-7032-4F21-A7D7-B21EEE419BD8}"
EndProject
Global
	GlobalSection(SolutionConfigurationPlatforms) = preSolution
		Debug|Any CPU = Debug|Any CPU
		Release|Any CPU = Release|Any CPU
	EndGlobalSection
	GlobalSection(ProjectConfigurationPlatforms) = postSolution
		{5C4B4254-7032-4F21-A7D7-B21EEE419BD8}.Debug|Any CPU.ActiveCfg = Debug|Any CPU
		{5C4B4254-7032-4F21-A7D7-B21EEE419BD8}.Debug|Any CPU.Build.0 = Debug|Any CPU
		{5C4B4254-7032-4F21-A7D7-B21EEE419BD8}.Release|Any CPU.ActiveCfg = Release|Any CPU
		{5C4B4254-7032-4F21-A7D7-B21EEE419BD8}.Release|Any CPU.Build.0 = Release|Any CPU
	EndGlobalSection
	GlobalSection(SolutionProperties) = preSolution
		HideSolutionNode = FALSE
	EndGlobalSection
	GlobalSection(ExtensibilityGlobals) = postSolution
		SolutionGuid = {34335448-EE57-40D0-8974-6C0224A0B79D}
	EndGlobalSection
EndGlobal
